
Microsoft Visual Studio Solution File, Format Version 12.00
# Visual Studio 15
VisualStudioVersion = 15.0.28307.1340
MinimumVisualStudioVersion = 10.0.40219.1
Project("{F184B08F-C81C-45F6-A57F-5ABD9991F28F}") = "1 - Primeira Classe", "1 - Primeira Classe\1 - Primeira Classe.vbproj", "{38D5D995-D866-4D2E-B9E4-ABD715674B65}"
EndProject
Project("{F184B08F-C81C-45F6-A57F-5ABD9991F28F}") = "2 - ByteBank", "2 - ByteBank\2 - ByteBank.vbproj", "{0F8E29D0-DF3C-4366-B783-29FBCC2E24D2}"
EndProject
Global
	GlobalSection(SolutionConfigurationPlatforms) = preSolution
		Debug|Any CPU = Debug|Any CPU
		Release|Any CPU = Release|Any CPU
	EndGlobalSection
	GlobalSection(ProjectConfigurationPlatforms) = postSolution
		{38D5D995-D866-4D2E-B9E4-ABD715674B65}.Debug|Any CPU.ActiveCfg = Debug|Any CPU
		{38D5D995-D866-4D2E-B9E4-ABD715674B65}.Debug|Any CPU.Build.0 = Debug|Any CPU
		{38D5D995-D866-4D2E-B9E4-ABD715674B65}.Release|Any CPU.ActiveCfg = Release|Any CPU
		{38D5D995-D866-4D2E-B9E4-ABD715674B65}.Release|Any CPU.Build.0 = Release|Any CPU
		{0F8E29D0-DF3C-4366-B783-29FBCC2E24D2}.Debug|Any CPU.ActiveCfg = Debug|Any CPU
		{0F8E29D0-DF3C-4366-B783-29FBCC2E24D2}.Debug|Any CPU.Build.0 = Debug|Any CPU
		{0F8E29D0-DF3C-4366-B783-29FBCC2E24D2}.Release|Any CPU.ActiveCfg = Release|Any CPU
		{0F8E29D0-DF3C-4366-B783-29FBCC2E24D2}.Release|Any CPU.Build.0 = Release|Any CPU
	EndGlobalSection
	GlobalSection(SolutionProperties) = preSolution
		HideSolutionNode = FALSE
	EndGlobalSection
	GlobalSection(ExtensibilityGlobals) = postSolution
		SolutionGuid = {9B2AF7E7-0153-4C58-BA3A-17FFBEC39886}
	EndGlobalSection
EndGlobal
